Microsoft Visual Studio Solution File, Format Version 12.00
# Visual Studio Version 18
VisualStudioVersion = 18.2.11415.280 d18.0
MinimumVisualStudioVersion = 10.0.40219.1
Project("{2150E333-8FDC-42A3-9474-1A3956D46DE8}") = "ActionDispatcher", "ActionDispatcher", "{1DFFBCB2-2E3E-8293-D35F-25B4D81B76B3}"
EndProject
Project("{2150E333-8FDC-42A3-9474-1A3956D46DE8}") = "src", "src", "{BB7A7082-63E1-B3E2-62C5-BB2D298178E4}"
EndProject
Project("{FAE04EC0-301F-11D3-BF4B-00C04F79EFBC}") = "Noventis.ActionDispatcher.Web", "ActionDispatcher\src\Noventis.ActionDispatcher.Web\Noventis.ActionDispatcher.Web.csproj", "{348F3FF9-9061-FDF1-FC9F-23B94AD19C2A}"
EndProject
Project("{FAE04EC0-301F-11D3-BF4B-00C04F79EFBC}") = "Noventis.ActionDispatcher", "ActionDispatcher\src\Noventis.ActionDispatcher\Noventis.ActionDispatcher.csproj", "{B8152290-1B38-3413-9047-453288AE436C}"
EndProject
Project("{2150E333-8FDC-42A3-9474-1A3956D46DE8}") = "ActionFetcher", "ActionFetcher", "{02EA681E-C7D8-13C7-8484-4AC65E1B71E8}"
EndProject
Project("{2150E333-8FDC-42A3-9474-1A3956D46DE8}") = "src", "src", "{B41BC2FA-E7F8-47B7-B24D-3C8E6999B805}"
	ProjectSection(SolutionItems) = preProject
		ActionDispatcher\src\Noventis.ActionDispatcher\Crypto.cs = ActionDispatcher\src\Noventis.ActionDispatcher\Crypto.cs
	EndProjectSection
EndProject
Project("{FAE04EC0-301F-11D3-BF4B-00C04F79EFBC}") = "Noventis.ActionFetcher", "ActionFetcher\src\Noventis.ActionFetcher\Noventis.ActionFetcher.csproj", "{15351912-19EE-F853-0710-FD3C326EE0BF}"
EndProject
Project("{FAE04EC0-301F-11D3-BF4B-00C04F79EFBC}") = "Noventis.ActionFetcher.Cli", "ActionFetcher\src\Noventis.ActionFetcher.Cli\Noventis.ActionFetcher.Cli.csproj", "{C1AE05D5-C7AE-2335-90E3-B7767FFCDD5B}"
EndProject
Global
	GlobalSection(SolutionConfigurationPlatforms) = preSolution
		Debug|Any CPU = Debug|Any CPU
		Release|Any CPU = Release|Any CPU
	EndGlobalSection
	GlobalSection(ProjectConfigurationPlatforms) = postSolution
		{348F3FF9-9061-FDF1-FC9F-23B94AD19C2A}.Debug|Any CPU.ActiveCfg = Debug|Any CPU
		{348F3FF9-9061-FDF1-FC9F-23B94AD19C2A}.Debug|Any CPU.Build.0 = Debug|Any CPU
		{348F3FF9-9061-FDF1-FC9F-23B94AD19C2A}.Release|Any CPU.ActiveCfg = Release|Any CPU
		{348F3FF9-9061-FDF1-FC9F-23B94AD19C2A}.Release|Any CPU.Build.0 = Release|Any CPU
		{B8152290-1B38-3413-9047-453288AE436C}.Debug|Any CPU.ActiveCfg = Debug|Any CPU
		{B8152290-1B38-3413-9047-453288AE436C}.Debug|Any CPU.Build.0 = Debug|Any CPU
		{B8152290-1B38-3413-9047-453288AE436C}.Release|Any CPU.ActiveCfg = Release|Any CPU
		{B8152290-1B38-3413-9047-453288AE436C}.Release|Any CPU.Build.0 = Release|Any CPU
		{15351912-19EE-F853-0710-FD3C326EE0BF}.Debug|Any CPU.ActiveCfg = Debug|Any CPU
		{15351912-19EE-F853-0710-FD3C326EE0BF}.Debug|Any CPU.Build.0 = Debug|Any CPU
		{15351912-19EE-F853-0710-FD3C326EE0BF}.Release|Any CPU.ActiveCfg = Release|Any CPU
		{15351912-19EE-F853-0710-FD3C326EE0BF}.Release|Any CPU.Build.0 = Release|Any CPU
		{C1AE05D5-C7AE-2335-90E3-B7767FFCDD5B}.Debug|Any CPU.ActiveCfg = Debug|Any CPU
		{C1AE05D5-C7AE-2335-90E3-B7767FFCDD5B}.Debug|Any CPU.Build.0 = Debug|Any CPU
		{C1AE05D5-C7AE-2335-90E3-B7767FFCDD5B}.Release|Any CPU.ActiveCfg = Release|Any CPU
		{C1AE05D5-C7AE-2335-90E3-B7767FFCDD5B}.Release|Any CPU.Build.0 = Release|Any CPU
	EndGlobalSection
	GlobalSection(SolutionProperties) = preSolution
		HideSolutionNode = FALSE
	EndGlobalSection
	GlobalSection(NestedProjects) = preSolution
		{BB7A7082-63E1-B3E2-62C5-BB2D298178E4} = {1DFFBCB2-2E3E-8293-D35F-25B4D81B76B3}
		{348F3FF9-9061-FDF1-FC9F-23B94AD19C2A} = {BB7A7082-63E1-B3E2-62C5-BB2D298178E4}
		{B8152290-1B38-3413-9047-453288AE436C} = {BB7A7082-63E1-B3E2-62C5-BB2D298178E4}
		{B41BC2FA-E7F8-47B7-B24D-3C8E6999B805} = {02EA681E-C7D8-13C7-8484-4AC65E1B71E8}
		{15351912-19EE-F853-0710-FD3C326EE0BF} = {B41BC2FA-E7F8-47B7-B24D-3C8E6999B805}
		{C1AE05D5-C7AE-2335-90E3-B7767FFCDD5B} = {B41BC2FA-E7F8-47B7-B24D-3C8E6999B805}
	EndGlobalSection
	GlobalSection(ExtensibilityGlobals) = postSolution
		SolutionGuid = {1993E04D-9892-4036-932B-3DF4E02D661D}
	EndGlobalSection
EndGlobal
